
Microsoft Visual Studio Solution File, Format Version 12.00
# Visual Studio Version 16
VisualStudioVersion = 16.0.29215.179
MinimumVisualStudioVersion = 10.0.40219.1
Project("{FAE04EC0-301F-11D3-BF4B-00C04F79EFBC}") = "WebLojaFrax1", "WebLojaFrax1.csproj", "{8D2069C0-387A-48D2-944F-CAC637B5BA64}"
EndProject
Global
	GlobalSection(SolutionConfigurationPlatforms) = preSolution
		Debug|Any CPU = Debug|Any CPU
		Release|Any CPU = Release|Any CPU
	EndGlobalSection
	GlobalSection(ProjectConfigurationPlatforms) = postSolution
		{8D2069C0-387A-48D2-944F-CAC637B5BA64}.Debug|Any CPU.ActiveCfg = Debug|Any CPU
		{8D2069C0-387A-48D2-944F-CAC637B5BA64}.Debug|Any CPU.Build.0 = Debug|Any CPU
		{8D2069C0-387A-48D2-944F-CAC637B5BA64}.Release|Any CPU.ActiveCfg = Release|Any CPU
		{8D2069C0-387A-48D2-944F-CAC637B5BA64}.Release|Any CPU.Build.0 = Release|Any CPU
	EndGlobalSection
	GlobalSection(SolutionProperties) = preSolution
		HideSolutionNode = FALSE
	EndGlobalSection
	GlobalSection(ExtensibilityGlobals) = postSolution
		SolutionGuid = {C1705D4D-1745-426C-B88A-A4028F1CDB26}
	EndGlobalSection
EndGlobal
